
Microsoft Visual Studio Solution File, Format Version 12.00
# Visual Studio Version 16
VisualStudioVersion = 16.0.31105.61
MinimumVisualStudioVersion = 10.0.40219.1
Project("{FAE04EC0-301F-11D3-BF4B-00C04F79EFBC}") = "Kurs", "Kurs\Kurs.csproj", "{30099334-83B5-443E-9BAB-AB81DD1BFCDD}"
EndProject
Global
	GlobalSection(SolutionConfigurationPlatforms) = preSolution
		Debug|Any CPU = Debug|Any CPU
		Release|Any CPU = Release|Any CPU
	EndGlobalSection
	GlobalSection(ProjectConfigurationPlatforms) = postSolution
		{30099334-83B5-443E-9BAB-AB81DD1BFCDD}.Debug|Any CPU.ActiveCfg = Debug|Any CPU
		{30099334-83B5-443E-9BAB-AB81DD1BFCDD}.Debug|Any CPU.Build.0 = Debug|Any CPU
		{30099334-83B5-443E-9BAB-AB81DD1BFCDD}.Release|Any CPU.ActiveCfg = Release|Any CPU
		{30099334-83B5-443E-9BAB-AB81DD1BFCDD}.Release|Any CPU.Build.0 = Release|Any CPU
	EndGlobalSection
	GlobalSection(SolutionProperties) = preSolution
		HideSolutionNode = FALSE
	EndGlobalSection
	GlobalSection(ExtensibilityGlobals) = postSolution
		SolutionGuid = {5D2FC149-6867-4F6C-8F94-9FC282C37FE3}
	EndGlobalSection
EndGlobal
